
Microsoft Visual Studio Solution File, Format Version 12.00
# Visual Studio 15
Project("{FAE04EC0-301F-11D3-BF4B-00C04F79EFBC}") = "Unity.XR.Interaction.Toolkit.Samples.ARStarterAssets", "Unity.XR.Interaction.Toolkit.Samples.ARStarterAssets.csproj", "{9C76B215-3F9D-6694-7FE3-CF5979A8C3F9}"
EndProject
Project("{FAE04EC0-301F-11D3-BF4B-00C04F79EFBC}") = "Unity.XR.Interaction.Toolkit.Samples.StarterAssets", "Unity.XR.Interaction.Toolkit.Samples.StarterAssets.csproj", "{A81C08A6-2A92-F634-A2A9-38A296C8CD6C}"
EndProject
Project("{FAE04EC0-301F-11D3-BF4B-00C04F79EFBC}") = "Assembly-CSharp", "Assembly-CSharp.csproj", "{6F3E8F5B-549E-48D6-C5FE-65A9388423C7}"
EndProject
Project("{FAE04EC0-301F-11D3-BF4B-00C04F79EFBC}") = "Unity.XR.Interaction.Toolkit.Samples.ARStarterAssets.Editor", "Unity.XR.Interaction.Toolkit.Samples.ARStarterAssets.Editor.csproj", "{9849D487-5F54-F0D8-2C45-785C434DB6E6}"
EndProject
Project("{FAE04EC0-301F-11D3-BF4B-00C04F79EFBC}") = "Unity.XR.Interaction.Toolkit.Samples.StarterAssets.Editor", "Unity.XR.Interaction.Toolkit.Samples.StarterAssets.Editor.csproj", "{B6B10EB9-050E-28CA-448D-A4E2C47329E7}"
EndProject
Global
	GlobalSection(SolutionConfigurationPlatforms) = preSolution
		Debug|Any CPU = Debug|Any CPU
		Release|Any CPU = Release|Any CPU
	EndGlobalSection
	GlobalSection(ProjectConfigurationPlatforms) = postSolution
		{9C76B215-3F9D-6694-7FE3-CF5979A8C3F9}.Debug|Any CPU.ActiveCfg = Debug|Any CPU
		{9C76B215-3F9D-6694-7FE3-CF5979A8C3F9}.Debug|Any CPU.Build.0 = Debug|Any CPU
		{9C76B215-3F9D-6694-7FE3-CF5979A8C3F9}.Release|Any CPU.ActiveCfg = Release|Any CPU
		{9C76B215-3F9D-6694-7FE3-CF5979A8C3F9}.Release|Any CPU.Build.0 = Release|Any CPU
		{A81C08A6-2A92-F634-A2A9-38A296C8CD6C}.Debug|Any CPU.ActiveCfg = Debug|Any CPU
		{A81C08A6-2A92-F634-A2A9-38A296C8CD6C}.Debug|Any CPU.Build.0 = Debug|Any CPU
		{A81C08A6-2A92-F634-A2A9-38A296C8CD6C}.Release|Any CPU.ActiveCfg = Release|Any CPU
		{A81C08A6-2A92-F634-A2A9-38A296C8CD6C}.Release|Any CPU.Build.0 = Release|Any CPU
		{6F3E8F5B-549E-48D6-C5FE-65A9388423C7}.Debug|Any CPU.ActiveCfg = Debug|Any CPU
		{6F3E8F5B-549E-48D6-C5FE-65A9388423C7}.Debug|Any CPU.Build.0 = Debug|Any CPU
		{6F3E8F5B-549E-48D6-C5FE-65A9388423C7}.Release|Any CPU.ActiveCfg = Release|Any CPU
		{6F3E8F5B-549E-48D6-C5FE-65A9388423C7}.Release|Any CPU.Build.0 = Release|Any CPU
		{9849D487-5F54-F0D8-2C45-785C434DB6E6}.Debug|Any CPU.ActiveCfg = Debug|Any CPU
		{9849D487-5F54-F0D8-2C45-785C434DB6E6}.Debug|Any CPU.Build.0 = Debug|Any CPU
		{9849D487-5F54-F0D8-2C45-785C434DB6E6}.Release|Any CPU.ActiveCfg = Release|Any CPU
		{9849D487-5F54-F0D8-2C45-785C434DB6E6}.Release|Any CPU.Build.0 = Release|Any CPU
		{B6B10EB9-050E-28CA-448D-A4E2C47329E7}.Debug|Any CPU.ActiveCfg = Debug|Any CPU
		{B6B10EB9-050E-28CA-448D-A4E2C47329E7}.Debug|Any CPU.Build.0 = Debug|Any CPU
		{B6B10EB9-050E-28CA-448D-A4E2C47329E7}.Release|Any CPU.ActiveCfg = Release|Any CPU
		{B6B10EB9-050E-28CA-448D-A4E2C47329E7}.Release|Any CPU.Build.0 = Release|Any CPU
	EndGlobalSection
	GlobalSection(SolutionProperties) = preSolution
		HideSolutionNode = FALSE
	EndGlobalSection
EndGlobal
